
Microsoft Visual Studio Solution File, Format Version 12.00
# Visual Studio 15
VisualStudioVersion = 15.0.26430.16
MinimumVisualStudioVersion = 10.0.40219.1
Project("{FAE04EC0-301F-11D3-BF4B-00C04F79EFBC}") = "Test", "Test\Test.csproj", "{CABC8541-D2F0-4579-8FDC-27EBDCFAC186}"
EndProject
Project("{FAE04EC0-301F-11D3-BF4B-00C04F79EFBC}") = "SharpUtilities", "SharpUtilities\SharpUtilities.csproj", "{997EFE54-67B3-4644-8FA4-4663557300FD}"
EndProject
Project("{FAE04EC0-301F-11D3-BF4B-00C04F79EFBC}") = "SharpGraphs", "SharpGraphs\SharpGraphs.csproj", "{77679C93-5408-4CA6-AFC9-A1249594EAC8}"
EndProject
Project("{FAE04EC0-301F-11D3-BF4B-00C04F79EFBC}") = "SharpSearches", "SharpSearches\SharpSearches.csproj", "{7025D8A6-D8FB-4D45-8A01-9C51669E81F7}"
EndProject
Project("{FAE04EC0-301F-11D3-BF4B-00C04F79EFBC}") = "TestAstar", "AstarVisualizer\TestAstar.csproj", "{FDF59EDE-BAA8-4B91-B91D-01A4B113B548}"
EndProject
Global
	GlobalSection(SolutionConfigurationPlatforms) = preSolution
		Debug|Any CPU = Debug|Any CPU
		Release|Any CPU = Release|Any CPU
	EndGlobalSection
	GlobalSection(ProjectConfigurationPlatforms) = postSolution
		{CABC8541-D2F0-4579-8FDC-27EBDCFAC186}.Debug|Any CPU.ActiveCfg = Debug|Any CPU
		{CABC8541-D2F0-4579-8FDC-27EBDCFAC186}.Debug|Any CPU.Build.0 = Debug|Any CPU
		{CABC8541-D2F0-4579-8FDC-27EBDCFAC186}.Release|Any CPU.ActiveCfg = Release|Any CPU
		{CABC8541-D2F0-4579-8FDC-27EBDCFAC186}.Release|Any CPU.Build.0 = Release|Any CPU
		{997EFE54-67B3-4644-8FA4-4663557300FD}.Debug|Any CPU.ActiveCfg = Debug|Any CPU
		{997EFE54-67B3-4644-8FA4-4663557300FD}.Debug|Any CPU.Build.0 = Debug|Any CPU
		{997EFE54-67B3-4644-8FA4-4663557300FD}.Release|Any CPU.ActiveCfg = Release|Any CPU
		{997EFE54-67B3-4644-8FA4-4663557300FD}.Release|Any CPU.Build.0 = Release|Any CPU
		{77679C93-5408-4CA6-AFC9-A1249594EAC8}.Debug|Any CPU.ActiveCfg = Debug|Any CPU
		{77679C93-5408-4CA6-AFC9-A1249594EAC8}.Debug|Any CPU.Build.0 = Debug|Any CPU
		{77679C93-5408-4CA6-AFC9-A1249594EAC8}.Release|Any CPU.ActiveCfg = Release|Any CPU
		{77679C93-5408-4CA6-AFC9-A1249594EAC8}.Release|Any CPU.Build.0 = Release|Any CPU
		{7025D8A6-D8FB-4D45-8A01-9C51669E81F7}.Debug|Any CPU.ActiveCfg = Debug|Any CPU
		{7025D8A6-D8FB-4D45-8A01-9C51669E81F7}.Debug|Any CPU.Build.0 = Debug|Any CPU
		{7025D8A6-D8FB-4D45-8A01-9C51669E81F7}.Release|Any CPU.ActiveCfg = Release|Any CPU
		{7025D8A6-D8FB-4D45-8A01-9C51669E81F7}.Release|Any CPU.Build.0 = Release|Any CPU
		{FDF59EDE-BAA8-4B91-B91D-01A4B113B548}.Debug|Any CPU.ActiveCfg = Debug|Any CPU
		{FDF59EDE-BAA8-4B91-B91D-01A4B113B548}.Debug|Any CPU.Build.0 = Debug|Any CPU
		{FDF59EDE-BAA8-4B91-B91D-01A4B113B548}.Release|Any CPU.ActiveCfg = Release|Any CPU
		{FDF59EDE-BAA8-4B91-B91D-01A4B113B548}.Release|Any CPU.Build.0 = Release|Any CPU
	EndGlobalSection
	GlobalSection(SolutionProperties) = preSolution
		HideSolutionNode = FALSE
	EndGlobalSection
EndGlobal
