
Microsoft Visual Studio Solution File, Format Version 12.00
# Visual Studio 15
VisualStudioVersion = 15.0.26730.16
MinimumVisualStudioVersion = 10.0.40219.1
Project("{FAE04EC0-301F-11D3-BF4B-00C04F79EFBC}") = "Test", "Test\Test.csproj", "{CABC8541-D2F0-4579-8FDC-27EBDCFAC186}"
EndProject
Project("{FAE04EC0-301F-11D3-BF4B-00C04F79EFBC}") = "SharpUtilities", "SharpUtilities\SharpUtilities.csproj", "{997EFE54-67B3-4644-8FA4-4663557300FD}"
EndProject
Project("{FAE04EC0-301F-11D3-BF4B-00C04F79EFBC}") = "SharpGraphs", "SharpGraphs\SharpGraphs.csproj", "{77679C93-5408-4CA6-AFC9-A1249594EAC8}"
EndProject
Project("{FAE04EC0-301F-11D3-BF4B-00C04F79EFBC}") = "SharpSearches", "SharpSearches\SharpSearches.csproj", "{7025D8A6-D8FB-4D45-8A01-9C51669E81F7}"
EndProject
Project("{FAE04EC0-301F-11D3-BF4B-00C04F79EFBC}") = "TestAStar", "TestAStar\TestAStar.csproj", "{FDF59EDE-BAA8-4B91-B91D-01A4B113B548}"
EndProject
Project("{FAE04EC0-301F-11D3-BF4B-00C04F79EFBC}") = "SharpNotificationCenter", "SharpNotificationCenter\SharpNotificationCenter.csproj", "{F51A8111-F2D8-4165-8C05-D424017955EC}"
EndProject
Project("{7CF6DF6D-3B04-46F8-A40B-537D21BCA0B4}") = "SharpLibraryDocumentation", "SharpLibraryDocumentation\SharpLibraryDocumentation.shfbproj", "{7847C6B4-5024-4FDB-BB09-968621BB300E}"
	ProjectSection(ProjectDependencies) = postProject
		{F51A8111-F2D8-4165-8C05-D424017955EC} = {F51A8111-F2D8-4165-8C05-D424017955EC}
		{997EFE54-67B3-4644-8FA4-4663557300FD} = {997EFE54-67B3-4644-8FA4-4663557300FD}
		{77679C93-5408-4CA6-AFC9-A1249594EAC8} = {77679C93-5408-4CA6-AFC9-A1249594EAC8}
		{7025D8A6-D8FB-4D45-8A01-9C51669E81F7} = {7025D8A6-D8FB-4D45-8A01-9C51669E81F7}
	EndProjectSection
EndProject
Global
	GlobalSection(SolutionConfigurationPlatforms) = preSolution
		Debug|Any CPU = Debug|Any CPU
		Release|Any CPU = Release|Any CPU
	EndGlobalSection
	GlobalSection(ProjectConfigurationPlatforms) = postSolution
		{CABC8541-D2F0-4579-8FDC-27EBDCFAC186}.Debug|Any CPU.ActiveCfg = Debug|Any CPU
		{CABC8541-D2F0-4579-8FDC-27EBDCFAC186}.Debug|Any CPU.Build.0 = Debug|Any CPU
		{CABC8541-D2F0-4579-8FDC-27EBDCFAC186}.Release|Any CPU.ActiveCfg = Release|Any CPU
		{CABC8541-D2F0-4579-8FDC-27EBDCFAC186}.Release|Any CPU.Build.0 = Release|Any CPU
		{997EFE54-67B3-4644-8FA4-4663557300FD}.Debug|Any CPU.ActiveCfg = Debug|Any CPU
		{997EFE54-67B3-4644-8FA4-4663557300FD}.Debug|Any CPU.Build.0 = Debug|Any CPU
		{997EFE54-67B3-4644-8FA4-4663557300FD}.Release|Any CPU.ActiveCfg = Release|Any CPU
		{997EFE54-67B3-4644-8FA4-4663557300FD}.Release|Any CPU.Build.0 = Release|Any CPU
		{77679C93-5408-4CA6-AFC9-A1249594EAC8}.Debug|Any CPU.ActiveCfg = Debug|Any CPU
		{77679C93-5408-4CA6-AFC9-A1249594EAC8}.Debug|Any CPU.Build.0 = Debug|Any CPU
		{77679C93-5408-4CA6-AFC9-A1249594EAC8}.Release|Any CPU.ActiveCfg = Release|Any CPU
		{77679C93-5408-4CA6-AFC9-A1249594EAC8}.Release|Any CPU.Build.0 = Release|Any CPU
		{7025D8A6-D8FB-4D45-8A01-9C51669E81F7}.Debug|Any CPU.ActiveCfg = Debug|Any CPU
		{7025D8A6-D8FB-4D45-8A01-9C51669E81F7}.Debug|Any CPU.Build.0 = Debug|Any CPU
		{7025D8A6-D8FB-4D45-8A01-9C51669E81F7}.Release|Any CPU.ActiveCfg = Release|Any CPU
		{7025D8A6-D8FB-4D45-8A01-9C51669E81F7}.Release|Any CPU.Build.0 = Release|Any CPU
		{FDF59EDE-BAA8-4B91-B91D-01A4B113B548}.Debug|Any CPU.ActiveCfg = Debug|Any CPU
		{FDF59EDE-BAA8-4B91-B91D-01A4B113B548}.Debug|Any CPU.Build.0 = Debug|Any CPU
		{FDF59EDE-BAA8-4B91-B91D-01A4B113B548}.Release|Any CPU.ActiveCfg = Release|Any CPU
		{FDF59EDE-BAA8-4B91-B91D-01A4B113B548}.Release|Any CPU.Build.0 = Release|Any CPU
		{F51A8111-F2D8-4165-8C05-D424017955EC}.Debug|Any CPU.ActiveCfg = Debug|Any CPU
		{F51A8111-F2D8-4165-8C05-D424017955EC}.Debug|Any CPU.Build.0 = Debug|Any CPU
		{F51A8111-F2D8-4165-8C05-D424017955EC}.Release|Any CPU.ActiveCfg = Release|Any CPU
		{F51A8111-F2D8-4165-8C05-D424017955EC}.Release|Any CPU.Build.0 = Release|Any CPU
		{7847C6B4-5024-4FDB-BB09-968621BB300E}.Debug|Any CPU.ActiveCfg = Debug|Any CPU
		{7847C6B4-5024-4FDB-BB09-968621BB300E}.Debug|Any CPU.Build.0 = Debug|Any CPU
		{7847C6B4-5024-4FDB-BB09-968621BB300E}.Release|Any CPU.ActiveCfg = Release|Any CPU
		{7847C6B4-5024-4FDB-BB09-968621BB300E}.Release|Any CPU.Build.0 = Release|Any CPU
	EndGlobalSection
	GlobalSection(SolutionProperties) = preSolution
		HideSolutionNode = FALSE
	EndGlobalSection
	GlobalSection(ExtensibilityGlobals) = postSolution
		SolutionGuid = {B7C99900-2B8C-4CDB-883D-F31E75B2A7C1}
	EndGlobalSection
EndGlobal
